<?xml version="1.0" encoding="UTF-8"?><plist><dict><key>archiveVersion</key><string>1</string><key>classes</key><dict/><key>objectVersion</key><string>42</string><key>objects</key><dict><key>000000000000000000000000</key><dict><key>isa</key><string>PBXFileReference</string><key>name</key><string>24c.c</string><key>path</key><string>../../SDK/lib/device/24c.c</string><key>sourceTree</key><string>SOURCE_ROOT</string></dict><key>000000000000000000000001</key><dict><key>isa</key><string>PBXFileReference</string><key>name</key><string>3d.c</string><key>path</key><string>../../SDK/lib/lib/gfx/3d.c</string><key>sourceTree</key><string>SOURCE_ROOT</string></dict><key>000000000000000000000002</key><dict><key>isa</key><string>PBXFileReference</string><key>name</key><string>adxl345.c</string><key>path</key><string>../../SDK/lib/device/adxl345.c</string><key>sourceTree</key><string>SOURCE_ROOT</string></dict><key>000000000000000000000003</key><dict><key>isa</key><string>PBXFileReference</string><key>name</key><string>ar1020.c</string><key>path</key><string>../../SDK/lib/device/ar1020.c</string><key>sourceTree</key><string>SOURCE_ROOT</string></dict><key>000000000000000000000004</key><dict><key>isa</key><string>PBXFileReference</string><key>name</key><string>bmp.c</string><key>path</key><string>../../SDK/lib/lib/gfx/bmp/bmp.c</string><key>sourceTree</key><string>SOURCE_ROOT</string></dict><key>000000000000000000000005</key><dict><key>isa</key><string>PBXFileReference</string><key>name</key><string>board_init.c</string><key>path</key><string>../../SDK/board/stm32f0/discovery_simple/board_init.c</string><key>sourceTree</key><string>SOURCE_ROOT</string></dict><key>000000000000000000000006</key><dict><key>isa</key><string>PBXFileReference</string><key>name</key><string>buton.c</string><key>path</key><string>../../SDK/lib/lib/gfx/buton.c</string><key>sourceTree</key><string>SOURCE_ROOT</string></dict><key>000000000000000000000007</key><dict><key>isa</key><string>PBXFileReference</string><key>name</key><string>cache.c</string><key>path</key><string>../../SDK/platform/stm32f0/sys/cache.c</string><key>sourceTree</key><string>SOURCE_ROOT</string></dict><key>000000000000000000000008</key><dict><key>isa</key><string>PBXFileReference</string><key>name</key><string>cache_api.c</string><key>path</key><string>../../SDK/lib/api/cache_api.c</string><key>sourceTree</key><string>SOURCE_ROOT</string></dict><key>000000000000000000000009</key><dict><key>isa</key><string>PBXFileReference</string><key>name</key><string>checkbox.c</string><key>path</key><string>../../SDK/lib/lib/gfx/checkbox.c</string><key>sourceTree</key><string>SOURCE_ROOT</string></dict><key>00000000000000000000000a</key><dict><key>isa</key><string>PBXFileReference</string><key>name</key><string>controls_definition.c</string><key>path</key><string>../../SDK/lib/lib/gfx/controls_definition.c</string><key>sourceTree</key><string>SOURCE_ROOT</string></dict><key>00000000000000000000000b</key><dict><key>isa</key><string>PBXFileReference</string><key>name</key><string>core_cm3.c</string><key>path</key><string>../../SDK/platform/stm32f0/sys/core_cm3.c</string><key>sourceTree</key><string>SOURCE_ROOT</string></dict><key>00000000000000000000000c</key><dict><key>isa</key><string>PBXFileReference</string><key>name</key><string>core_init.c</string><key>path</key><string>../../SDK/platform/stm32f0/sys/core_init.c</string><key>sourceTree</key><string>SOURCE_ROOT</string></dict><key>00000000000000000000000d</key><dict><key>isa</key><string>PBXFileReference</string><key>name</key><string>core_init_api.c</string><key>path</key><string>../../SDK/lib/api/core_init_api.c</string><key>sourceTree</key><string>SOURCE_ROOT</string></dict><key>00000000000000000000000e</key><dict><key>isa</key><string>PBXFileReference</string><key>name</key><string>ds1307.c</string><key>path</key><string>../../SDK/lib/device/ds1307.c</string><key>sourceTree</key><string>SOURCE_ROOT</string></dict><key>00000000000000000000000f</key><dict><key>isa</key><string>PBXFileReference</string><key>name</key><string>edma_api.c</string><key>path</key><string>../../SDK/lib/api/edma_api.c</string><key>sourceTree</key><string>SOURCE_ROOT</string></dict><key>000000000000000000000010</key><dict><key>isa</key><string>PBXFileReference</string><key>name</key><string>fat.c</string><key>path</key><string>../../SDK/lib/lib/fs/fat.c</string><key>sourceTree</key><string>SOURCE_ROOT</string></dict><key>000000000000000000000011</key><dict><key>isa</key><string>PBXFileReference</string><key>name</key><string>fft.c</string><key>path</key><string>../../SDK/lib/lib/fft.c</string><key>sourceTree</key><string>SOURCE_ROOT</string></dict><key>000000000000000000000012</key><dict><key>isa</key><string>PBXFileReference</string><key>name</key><string>fonts.c</string><key>path</key><string>../../SDK/lib/lib/gfx/resource/fonts.c</string><key>sourceTree</key><string>SOURCE_ROOT</string></dict><key>000000000000000000000013</key><dict><key>isa</key><string>PBXFileReference</string><key>name</key><string>ft5x06.c</string><key>path</key><string>../../SDK/lib/device/ft5x06.c</string><key>sourceTree</key><string>SOURCE_ROOT</string></dict><key>000000000000000000000014</key><dict><key>isa</key><string>PBXFileReference</string><key>name</key><string>generic.c</string><key>path</key><string>../../SDK/lib/lib/generic.c</string><key>sourceTree</key><string>SOURCE_ROOT</string></dict><key>000000000000000000000015</key><dict><key>isa</key><string>PBXFileReference</string><key>name</key><string>gfx_util.c</string><key>path</key><string>../../SDK/lib/lib/gfx/gfx_util.c</string><key>sourceTree</key><string>SOURCE_ROOT</string></dict><key>000000000000000000000016</key><dict><key>isa</key><string>PBXFileReference</string><key>name</key><string>gpio_api.c</string><key>path</key><string>../../SDK/lib/api/gpio_api.c</string><key>sourceTree</key><string>SOURCE_ROOT</string></dict><key>000000000000000000000017</key><dict><key>isa</key><string>PBXFileReference</string><key>name</key><string>gpio_interface.c</string><key>path</key><string>../../SDK/platform/stm32f0/interface/gpio_interface.c</string><key>sourceTree</key><string>SOURCE_ROOT</string></dict><key>000000000000000000000018</key><dict><key>isa</key><string>PBXFileReference</string><key>name</key><string>graphic_string.c</string><key>path</key><string>../../SDK/lib/lib/gfx/graphic_string.c</string><key>sourceTree</key><string>SOURCE_ROOT</string></dict><key>000000000000000000000019</key><dict><key>isa</key><string>PBXFileReference</string><key>name</key><string>hs_mmcsd_interface.c</string><key>path</key><string>../../SDK/platform/stm32f0/interface/hs_mmcsd_interface.c</string><key>sourceTree</key><string>SOURCE_ROOT</string></dict><key>00000000000000000000001a</key><dict><key>isa</key><string>PBXFileReference</string><key>name</key><string>jcapistd.c</string><key>path</key><string>../../SDK/lib/lib/gfx/jpg/IJG/jcapistd.c</string><key>sourceTree</key><string>SOURCE_ROOT</string></dict><key>00000000000000000000001b</key><dict><key>isa</key><string>PBXFileReference</string><key>name</key><string>jccoefct.c</string><key>path</key><string>../../SDK/lib/lib/gfx/jpg/IJG/jccoefct.c</string><key>sourceTree</key><string>SOURCE_ROOT</string></dict><key>00000000000000000000001c</key><dict><key>isa</key><string>PBXFileReference</string><key>name</key><string>jccolor.c</string><key>path</key><string>../../SDK/lib/lib/gfx/jpg/IJG/jccolor.c</string><key>sourceTree</key><string>SOURCE_ROOT</string></dict><key>00000000000000000000001d</key><dict><key>isa</key><string>PBXFileReference</string><key>name</key><string>jcdctmgr.c</string><key>path</key><string>../../SDK/lib/lib/gfx/jpg/IJG/jcdctmgr.c</string><key>sourceTree</key><string>SOURCE_ROOT</string></dict><key>00000000000000000000001e</key><dict><key>isa</key><string>PBXFileReference</string><key>name</key><string>jchuff.c</string><key>path</key><string>../../SDK/lib/lib/gfx/jpg/IJG/jchuff.c</string><key>sourceTree</key><string>SOURCE_ROOT</string></dict><key>00000000000000000000001f</key><dict><key>isa</key><string>PBXFileReference</string><key>name</key><string>jcinit.c</string><key>path</key><string>../../SDK/lib/lib/gfx/jpg/IJG/jcinit.c</string><key>sourceTree</key><string>SOURCE_ROOT</string></dict><key>000000000000000000000020</key><dict><key>isa</key><string>PBXFileReference</string><key>name</key><string>jcmainct.c</string><key>path</key><string>../../SDK/lib/lib/gfx/jpg/IJG/jcmainct.c</string><key>sourceTree</key><string>SOURCE_ROOT</string></dict><key>000000000000000000000021</key><dict><key>isa</key><string>PBXFileReference</string><key>name</key><string>jcmarker.c</string><key>path</key><string>../../SDK/lib/lib/gfx/jpg/IJG/jcmarker.c</string><key>sourceTree</key><string>SOURCE_ROOT</string></dict><key>000000000000000000000022</key><dict><key>isa</key><string>PBXFileReference</string><key>name</key><string>jcmaster.c</string><key>path</key><string>../../SDK/lib/lib/gfx/jpg/IJG/jcmaster.c</string><key>sourceTree</key><string>SOURCE_ROOT</string></dict><key>000000000000000000000023</key><dict><key>isa</key><string>PBXFileReference</string><key>name</key><string>jcomapi.c</string><key>path</key><string>../../SDK/lib/lib/gfx/jpg/IJG/jcomapi.c</string><key>sourceTree</key><string>SOURCE_ROOT</string></dict><key>000000000000000000000024</key><dict><key>isa</key><string>PBXFileReference</string><key>name</key><string>jcparam.c</string><key>path</key><string>../../SDK/lib/lib/gfx/jpg/IJG/jcparam.c</string><key>sourceTree</key><string>SOURCE_ROOT</string></dict><key>000000000000000000000025</key><dict><key>isa</key><string>PBXFileReference</string><key>name</key><string>jcphuff.c</string><key>path</key><string>../../SDK/lib/lib/gfx/jpg/IJG/jcphuff.c</string><key>sourceTree</key><string>SOURCE_ROOT</string></dict><key>000000000000000000000026</key><dict><key>isa</key><string>PBXFileReference</string><key>name</key><string>jcprepct.c</string><key>path</key><string>../../SDK/lib/lib/gfx/jpg/IJG/jcprepct.c</string><key>sourceTree</key><string>SOURCE_ROOT</string></dict><key>000000000000000000000027</key><dict><key>isa</key><string>PBXFileReference</string><key>name</key><string>jcsample.c</string><key>path</key><string>../../SDK/lib/lib/gfx/jpg/IJG/jcsample.c</string><key>sourceTree</key><string>SOURCE_ROOT</string></dict><key>000000000000000000000028</key><dict><key>isa</key><string>PBXFileReference</string><key>name</key><string>jctrans.c</string><key>path</key><string>../../SDK/lib/lib/gfx/jpg/IJG/jctrans.c</string><key>sourceTree</key><string>SOURCE_ROOT</string></dict><key>000000000000000000000029</key><dict><key>isa</key><string>PBXFileReference</string><key>name</key><string>jdapimin.c</string><key>path</key><string>../../SDK/lib/lib/gfx/jpg/IJG/jdapimin.c</string><key>sourceTree</key><string>SOURCE_ROOT</string></dict><key>00000000000000000000002a</key><dict><key>isa</key><string>PBXFileReference</string><key>name</key><string>jdapistd.c</string><key>path</key><string>../../SDK/lib/lib/gfx/jpg/IJG/jdapistd.c</string><key>sourceTree</key><string>SOURCE_ROOT</string></dict><key>00000000000000000000002b</key><dict><key>isa</key><string>PBXFileReference</string><key>name</key><string>jdatasrc.c</string><key>path</key><string>../../SDK/lib/lib/gfx/jpg/jdatasrc.c</string><key>sourceTree</key><string>SOURCE_ROOT</string></dict><key>00000000000000000000002c</key><dict><key>isa</key><string>PBXFileReference</string><key>name</key><string>jdcoefct.c</string><key>path</key><string>../../SDK/lib/lib/gfx/jpg/IJG/jdcoefct.c</string><key>sourceTree</key><string>SOURCE_ROOT</string></dict><key>00000000000000000000002d</key><dict><key>isa</key><string>PBXFileReference</string><key>name</key><string>jdcolor.c</string><key>path</key><string>../../SDK/lib/lib/gfx/jpg/IJG/jdcolor.c</string><key>sourceTree</key><string>SOURCE_ROOT</string></dict><key>00000000000000000000002e</key><dict><key>isa</key><string>PBXFileReference</string><key>name</key><string>jddctmgr.c</string><key>path</key><string>../../SDK/lib/lib/gfx/jpg/IJG/jddctmgr.c</string><key>sourceTree</key><string>SOURCE_ROOT</string></dict><key>00000000000000000000002f</key><dict><key>isa</key><string>PBXFileReference</string><key>name</key><string>jdhuff.c</string><key>path</key><string>../../SDK/lib/lib/gfx/jpg/IJG/jdhuff.c</string><key>sourceTree</key><string>SOURCE_ROOT</string></dict><key>000000000000000000000030</key><dict><key>isa</key><string>PBXFileReference</string><key>name</key><string>jdinput.c</string><key>path</key><string>../../SDK/lib/lib/gfx/jpg/IJG/jdinput.c</string><key>sourceTree</key><string>SOURCE_ROOT</string></dict><key>000000000000000000000031</key><dict><key>isa</key><string>PBXFileReference</string><key>name</key><string>jdmainct.c</string><key>path</key><string>../../SDK/lib/lib/gfx/jpg/IJG/jdmainct.c</string><key>sourceTree</key><string>SOURCE_ROOT</string></dict><key>000000000000000000000032</key><dict><key>isa</key><string>PBXFileReference</string><key>name</key><string>jdmarker.c</string><key>path</key><string>../../SDK/lib/lib/gfx/jpg/IJG/jdmarker.c</string><key>sourceTree</key><string>SOURCE_ROOT</string></dict><key>000000000000000000000033</key><dict><key>isa</key><string>PBXFileReference</string><key>name</key><string>jdmaster.c</string><key>path</key><string>../../SDK/lib/lib/gfx/jpg/IJG/jdmaster.c</string><key>sourceTree</key><string>SOURCE_ROOT</string></dict><key>000000000000000000000034</key><dict><key>isa</key><string>PBXFileReference</string><key>name</key><string>jdmerge.c</string><key>path</key><string>../../SDK/lib/lib/gfx/jpg/IJG/jdmerge.c</string><key>sourceTree</key><string>SOURCE_ROOT</string></dict><key>000000000000000000000035</key><dict><key>isa</key><string>PBXFileReference</string><key>name</key><string>jdphuff.c</string><key>path</key><string>../../SDK/lib/lib/gfx/jpg/IJG/jdphuff.c</string><key>sourceTree</key><string>SOURCE_ROOT</string></dict><key>000000000000000000000036</key><dict><key>isa</key><string>PBXFileReference</string><key>name</key><string>jdpostct.c</string><key>path</key><string>../../SDK/lib/lib/gfx/jpg/IJG/jdpostct.c</string><key>sourceTree</key><string>SOURCE_ROOT</string></dict><key>000000000000000000000037</key><dict><key>isa</key><string>PBXFileReference</string><key>name</key><string>jdsample.c</string><key>path</key><string>../../SDK/lib/lib/gfx/jpg/IJG/jdsample.c</string><key>sourceTree</key><string>SOURCE_ROOT</string></dict><key>000000000000000000000038</key><dict><key>isa</key><string>PBXFileReference</string><key>name</key><string>jdtrans.c</string><key>path</key><string>../../SDK/lib/lib/gfx/jpg/IJG/jdtrans.c</string><key>sourceTree</key><string>SOURCE_ROOT</string></dict><key>000000000000000000000039</key><dict><key>isa</key><string>PBXFileReference</string><key>name</key><string>jerror.c</string><key>path</key><string>../../SDK/lib/lib/gfx/jpg/IJG/jerror.c</string><key>sourceTree</key><string>SOURCE_ROOT</string></dict><key>00000000000000000000003a</key><dict><key>isa</key><string>PBXFileReference</string><key>name</key><string>jfdctflt.c</string><key>path</key><string>../../SDK/lib/lib/gfx/jpg/IJG/jfdctflt.c</string><key>sourceTree</key><string>SOURCE_ROOT</string></dict><key>00000000000000000000003b</key><dict><key>isa</key><string>PBXFileReference</string><key>name</key><string>jfdctfst.c</string><key>path</key><string>../../SDK/lib/lib/gfx/jpg/IJG/jfdctfst.c</string><key>sourceTree</key><string>SOURCE_ROOT</string></dict><key>00000000000000000000003c</key><dict><key>isa</key><string>PBXFileReference</string><key>name</key><string>jfdctint.c</string><key>path</key><string>../../SDK/lib/lib/gfx/jpg/IJG/jfdctint.c</string><key>sourceTree</key><string>SOURCE_ROOT</string></dict><key>00000000000000000000003d</key><dict><key>isa</key><string>PBXFileReference</string><key>name</key><string>jidctflt.c</string><key>path</key><string>../../SDK/lib/lib/gfx/jpg/IJG/jidctflt.c</string><key>sourceTree</key><string>SOURCE_ROOT</string></dict><key>00000000000000000000003e</key><dict><key>isa</key><string>PBXFileReference</string><key>name</key><string>jidctfst.c</string><key>path</key><string>../../SDK/lib/lib/gfx/jpg/IJG/jidctfst.c</string><key>sourceTree</key><string>SOURCE_ROOT</string></dict><key>00000000000000000000003f</key><dict><key>isa</key><string>PBXFileReference</string><key>name</key><string>jidctint.c</string><key>path</key><string>../../SDK/lib/lib/gfx/jpg/IJG/jidctint.c</string><key>sourceTree</key><string>SOURCE_ROOT</string></dict><key>000000000000000000000040</key><dict><key>isa</key><string>PBXFileReference</string><key>name</key><string>jidctred.c</string><key>path</key><string>../../SDK/lib/lib/gfx/jpg/IJG/jidctred.c</string><key>sourceTree</key><string>SOURCE_ROOT</string></dict><key>000000000000000000000041</key><dict><key>isa</key><string>PBXFileReference</string><key>name</key><string>jmemmgr.c</string><key>path</key><string>../../SDK/lib/lib/gfx/jpg/IJG/jmemmgr.c</string><key>sourceTree</key><string>SOURCE_ROOT</string></dict><key>000000000000000000000042</key><dict><key>isa</key><string>PBXFileReference</string><key>name</key><string>jmemnobs.c</string><key>path</key><string>../../SDK/lib/lib/gfx/jpg/IJG/jmemnobs.c</string><key>sourceTree</key><string>SOURCE_ROOT</string></dict><key>000000000000000000000043</key><dict><key>isa</key><string>PBXFileReference</string><key>name</key><string>jquant1.c</string><key>path</key><string>../../SDK/lib/lib/gfx/jpg/IJG/jquant1.c</string><key>sourceTree</key><string>SOURCE_ROOT</string></dict><key>000000000000000000000044</key><dict><key>isa</key><string>PBXFileReference</string><key>name</key><string>jquant2.c</string><key>path</key><string>../../SDK/lib/lib/gfx/jpg/IJG/jquant2.c</string><key>sourceTree</key><string>SOURCE_ROOT</string></dict><key>000000000000000000000045</key><dict><key>isa</key><string>PBXFileReference</string><key>name</key><string>jutils.c</string><key>path</key><string>../../SDK/lib/lib/gfx/jpg/IJG/jutils.c</string><key>sourceTree</key><string>SOURCE_ROOT</string></dict><key>000000000000000000000046</key><dict><key>isa</key><string>PBXFileReference</string><key>name</key><string>lcd_api.c</string><key>path</key><string>../../SDK/lib/api/lcd_api.c</string><key>sourceTree</key><string>SOURCE_ROOT</string></dict><key>000000000000000000000047</key><dict><key>isa</key><string>PBXFileReference</string><key>name</key><string>lcd_interface.c</string><key>path</key><string>../../SDK/platform/stm32f0/interface/lcd_interface.c</string><key>sourceTree</key><string>SOURCE_ROOT</string></dict><key>000000000000000000000048</key><dict><key>isa</key><string>PBXFileReference</string><key>name</key><string>listbox.c</string><key>path</key><string>../../SDK/lib/lib/gfx/listbox.c</string><key>sourceTree</key><string>SOURCE_ROOT</string></dict><key>000000000000000000000049</key><dict><key>isa</key><string>PBXFileReference</string><key>name</key><string>main.c</string><key>path</key><string>../main.c</string><key>sourceTree</key><string>SOURCE_ROOT</string></dict><key>00000000000000000000004a</key><dict><key>isa</key><string>PBXFileReference</string><key>name</key><string>mcspi_api.c</string><key>path</key><string>../../SDK/lib/api/mcspi_api.c</string><key>sourceTree</key><string>SOURCE_ROOT</string></dict><key>00000000000000000000004b</key><dict><key>isa</key><string>PBXFileReference</string><key>name</key><string>mcspi_interface.c</string><key>path</key><string>../../SDK/platform/stm32f0/interface/mcspi_interface.c</string><key>sourceTree</key><string>SOURCE_ROOT</string></dict><key>00000000000000000000004c</key><dict><key>isa</key><string>PBXFileReference</string><key>name</key><string>mhc5883.c</string><key>path</key><string>../../SDK/lib/device/mhc5883.c</string><key>sourceTree</key><string>SOURCE_ROOT</string></dict><key>00000000000000000000004d</key><dict><key>isa</key><string>PBXFileReference</string><key>name</key><string>mmcsd_api.c</string><key>path</key><string>../../SDK/lib/api/mmcsd_api.c</string><key>sourceTree</key><string>SOURCE_ROOT</string></dict><key>00000000000000000000004e</key><dict><key>isa</key><string>PBXFileReference</string><key>name</key><string>mpu60x0.c</string><key>path</key><string>../../SDK/lib/device/mpu60x0.c</string><key>sourceTree</key><string>SOURCE_ROOT</string></dict><key>00000000000000000000004f</key><dict><key>isa</key><string>PBXFileReference</string><key>name</key><string>ms5611.c</string><key>path</key><string>../../SDK/lib/device/ms5611.c</string><key>sourceTree</key><string>SOURCE_ROOT</string></dict><key>000000000000000000000050</key><dict><key>isa</key><string>PBXFileReference</string><key>name</key><string>nmea.c</string><key>path</key><string>../../SDK/lib/protocols/nmea.c</string><key>sourceTree</key><string>SOURCE_ROOT</string></dict><key>000000000000000000000051</key><dict><key>isa</key><string>PBXFileReference</string><key>name</key><string>pmic_api.c</string><key>path</key><string>../../SDK/lib/api/pmic_api.c</string><key>sourceTree</key><string>SOURCE_ROOT</string></dict><key>000000000000000000000052</key><dict><key>isa</key><string>PBXFileReference</string><key>name</key><string>png.c</string><key>path</key><string>../../SDK/lib/lib/gfx/png/png.c</string><key>sourceTree</key><string>SOURCE_ROOT</string></dict><key>000000000000000000000053</key><dict><key>isa</key><string>PBXFileReference</string><key>name</key><string>progressbar.c</string><key>path</key><string>../../SDK/lib/lib/gfx/progressbar.c</string><key>sourceTree</key><string>SOURCE_ROOT</string></dict><key>000000000000000000000054</key><dict><key>isa</key><string>PBXFileReference</string><key>name</key><string>ring_buff.c</string><key>path</key><string>../../SDK/lib/lib/buffers/ring_buff.c</string><key>sourceTree</key><string>SOURCE_ROOT</string></dict><key>000000000000000000000055</key><dict><key>isa</key><string>PBXFileReference</string><key>name</key><string>scrollbar.c</string><key>path</key><string>../../SDK/lib/lib/gfx/scrollbar.c</string><key>sourceTree</key><string>SOURCE_ROOT</string></dict><key>000000000000000000000056</key><dict><key>isa</key><string>PBXFileReference</string><key>name</key><string>sst25vf.c</string><key>path</key><string>../../SDK/lib/device/sst25vf.c</string><key>sourceTree</key><string>SOURCE_ROOT</string></dict><key>000000000000000000000057</key><dict><key>isa</key><string>PBXFileReference</string><key>name</key><string>startup_stm32f0xx.S</string><key>path</key><string>../../SDK/platform/stm32f0/sys/startup_stm32f0xx.S</string><key>sourceTree</key><string>SOURCE_ROOT</string></dict><key>000000000000000000000058</key><dict><key>isa</key><string>PBXFileReference</string><key>name</key><string>stl.c</string><key>path</key><string>../../SDK/lib/lib/gfx/files/stl.c</string><key>sourceTree</key><string>SOURCE_ROOT</string></dict><key>000000000000000000000059</key><dict><key>isa</key><string>PBXFileReference</string><key>name</key><string>stm32f0xx_adc.c</string><key>path</key><string>../../SDK/platform/stm32f0/driver/stm32f0xx_adc.c</string><key>sourceTree</key><string>SOURCE_ROOT</string></dict><key>00000000000000000000005a</key><dict><key>isa</key><string>PBXFileReference</string><key>name</key><string>stm32f0xx_cec.c</string><key>path</key><string>../../SDK/platform/stm32f0/driver/stm32f0xx_cec.c</string><key>sourceTree</key><string>SOURCE_ROOT</string></dict><key>00000000000000000000005b</key><dict><key>isa</key><string>PBXFileReference</string><key>name</key><string>stm32f0xx_comp.c</string><key>path</key><string>../../SDK/platform/stm32f0/driver/stm32f0xx_comp.c</string><key>sourceTree</key><string>SOURCE_ROOT</string></dict><key>00000000000000000000005c</key><dict><key>isa</key><string>PBXFileReference</string><key>name</key><string>stm32f0xx_crc.c</string><key>path</key><string>../../SDK/platform/stm32f0/driver/stm32f0xx_crc.c</string><key>sourceTree</key><string>SOURCE_ROOT</string></dict><key>00000000000000000000005d</key><dict><key>isa</key><string>PBXFileReference</string><key>name</key><string>stm32f0xx_dac.c</string><key>path</key><string>../../SDK/platform/stm32f0/driver/stm32f0xx_dac.c</string><key>sourceTree</key><string>SOURCE_ROOT</string></dict><key>00000000000000000000005e</key><dict><key>isa</key><string>PBXFileReference</string><key>name</key><string>stm32f0xx_dbgmcu.c</string><key>path</key><string>../../SDK/platform/stm32f0/driver/stm32f0xx_dbgmcu.c</string><key>sourceTree</key><string>SOURCE_ROOT</string></dict><key>00000000000000000000005f</key><dict><key>isa</key><string>PBXFileReference</string><key>name</key><string>stm32f0xx_dma.c</string><key>path</key><string>../../SDK/platform/stm32f0/driver/stm32f0xx_dma.c</string><key>sourceTree</key><string>SOURCE_ROOT</string></dict><key>000000000000000000000060</key><dict><key>isa</key><string>PBXFileReference</string><key>name</key><string>stm32f0xx_exti.c</string><key>path</key><string>../../SDK/platform/stm32f0/driver/stm32f0xx_exti.c</string><key>sourceTree</key><string>SOURCE_ROOT</string></dict><key>000000000000000000000061</key><dict><key>isa</key><string>PBXFileReference</string><key>name</key><string>stm32f0xx_flash.c</string><key>path</key><string>../../SDK/platform/stm32f0/driver/stm32f0xx_flash.c</string><key>sourceTree</key><string>SOURCE_ROOT</string></dict><key>000000000000000000000062</key><dict><key>isa</key><string>PBXFileReference</string><key>name</key><string>stm32f0xx_gpio.c</string><key>path</key><string>../../SDK/platform/stm32f0/driver/stm32f0xx_gpio.c</string><key>sourceTree</key><string>SOURCE_ROOT</string></dict><key>000000000000000000000063</key><dict><key>isa</key><string>PBXFileReference</string><key>name</key><string>stm32f0xx_i2c.c</string><key>path</key><string>../../SDK/platform/stm32f0/driver/stm32f0xx_i2c.c</string><key>sourceTree</key><string>SOURCE_ROOT</string></dict><key>000000000000000000000064</key><dict><key>isa</key><string>PBXFileReference</string><key>name</key><string>stm32f0xx_iwdg.c</string><key>path</key><string>../../SDK/platform/stm32f0/driver/stm32f0xx_iwdg.c</string><key>sourceTree</key><string>SOURCE_ROOT</string></dict><key>000000000000000000000065</key><dict><key>isa</key><string>PBXFileReference</string><key>name</key><string>stm32f0xx_misc.c</string><key>path</key><string>../../SDK/platform/stm32f0/driver/stm32f0xx_misc.c</string><key>sourceTree</key><string>SOURCE_ROOT</string></dict><key>000000000000000000000066</key><dict><key>isa</key><string>PBXFileReference</string><key>name</key><string>stm32f0xx_pwr.c</string><key>path</key><string>../../SDK/platform/stm32f0/driver/stm32f0xx_pwr.c</string><key>sourceTree</key><string>SOURCE_ROOT</string></dict><key>000000000000000000000067</key><dict><key>isa</key><string>PBXFileReference</string><key>name</key><string>stm32f0xx_rcc.c</string><key>path</key><string>../../SDK/platform/stm32f0/driver/stm32f0xx_rcc.c</string><key>sourceTree</key><string>SOURCE_ROOT</string></dict><key>000000000000000000000068</key><dict><key>isa</key><string>PBXFileReference</string><key>name</key><string>stm32f0xx_rtc.c</string><key>path</key><string>../../SDK/platform/stm32f0/driver/stm32f0xx_rtc.c</string><key>sourceTree</key><string>SOURCE_ROOT</string></dict><key>000000000000000000000069</key><dict><key>isa</key><string>PBXFileReference</string><key>name</key><string>stm32f0xx_spi.c</string><key>path</key><string>../../SDK/platform/stm32f0/driver/stm32f0xx_spi.c</string><key>sourceTree</key><string>SOURCE_ROOT</string></dict><key>00000000000000000000006a</key><dict><key>isa</key><string>PBXFileReference</string><key>name</key><string>stm32f0xx_syscfg.c</string><key>path</key><string>../../SDK/platform/stm32f0/driver/stm32f0xx_syscfg.c</string><key>sourceTree</key><string>SOURCE_ROOT</string></dict><key>00000000000000000000006b</key><dict><key>isa</key><string>PBXFileReference</string><key>name</key><string>stm32f0xx_tim.c</string><key>path</key><string>../../SDK/platform/stm32f0/driver/stm32f0xx_tim.c</string><key>sourceTree</key><string>SOURCE_ROOT</string></dict><key>00000000000000000000006c</key><dict><key>isa</key><string>PBXFileReference</string><key>name</key><string>stm32f0xx_usart.c</string><key>path</key><string>../../SDK/platform/stm32f0/driver/stm32f0xx_usart.c</string><key>sourceTree</key><string>SOURCE_ROOT</string></dict><key>00000000000000000000006d</key><dict><key>isa</key><string>PBXFileReference</string><key>name</key><string>stm32f0xx_wwdg.c</string><key>path</key><string>../../SDK/platform/stm32f0/driver/stm32f0xx_wwdg.c</string><key>sourceTree</key><string>SOURCE_ROOT</string></dict><key>00000000000000000000006e</key><dict><key>isa</key><string>PBXFileReference</string><key>name</key><string>stm32f10x_it.c</string><key>path</key><string>../../SDK/platform/stm32f0/sys/stm32f10x_it.c</string><key>sourceTree</key><string>SOURCE_ROOT</string></dict><key>00000000000000000000006f</key><dict><key>isa</key><string>PBXFileReference</string><key>name</key><string>string_lib.c</string><key>path</key><string>../../SDK/lib/lib/string_lib.c</string><key>sourceTree</key><string>SOURCE_ROOT</string></dict><key>000000000000000000000070</key><dict><key>isa</key><string>PBXFileReference</string><key>name</key><string>sysdelay.c</string><key>path</key><string>../../SDK/platform/stm32f0/sys/sysdelay.c</string><key>sourceTree</key><string>SOURCE_ROOT</string></dict><key>000000000000000000000071</key><dict><key>isa</key><string>PBXFileReference</string><key>name</key><string>system_stm32f0xx.c</string><key>path</key><string>../../SDK/platform/stm32f0/sys/system_stm32f0xx.c</string><key>sourceTree</key><string>SOURCE_ROOT</string></dict><key>000000000000000000000072</key><dict><key>isa</key><string>PBXFileReference</string><key>name</key><string>textbox.c</string><key>path</key><string>../../SDK/lib/lib/gfx/textbox.c</string><key>sourceTree</key><string>SOURCE_ROOT</string></dict><key>000000000000000000000073</key><dict><key>isa</key><string>PBXFileReference</string><key>name</key><string>timer_api.c</string><key>path</key><string>../../SDK/lib/api/timer_api.c</string><key>sourceTree</key><string>SOURCE_ROOT</string></dict><key>000000000000000000000074</key><dict><key>isa</key><string>PBXFileReference</string><key>name</key><string>tps65217.c</string><key>path</key><string>../../SDK/lib/device/tps65217.c</string><key>sourceTree</key><string>SOURCE_ROOT</string></dict><key>000000000000000000000075</key><dict><key>isa</key><string>PBXFileReference</string><key>name</key><string>tps65910a.c</string><key>path</key><string>../../SDK/lib/device/tps65910a.c</string><key>sourceTree</key><string>SOURCE_ROOT</string></dict><key>000000000000000000000076</key><dict><key>isa</key><string>PBXFileReference</string><key>name</key><string>twi_api.c</string><key>path</key><string>../../SDK/lib/api/twi_api.c</string><key>sourceTree</key><string>SOURCE_ROOT</string></dict><key>000000000000000000000077</key><dict><key>isa</key><string>PBXFileReference</string><key>name</key><string>twi_interface.c</string><key>path</key><string>../../SDK/platform/stm32f0/interface/twi_interface.c</string><key>sourceTree</key><string>SOURCE_ROOT</string></dict><key>000000000000000000000078</key><dict><key>isa</key><string>PBXFileReference</string><key>name</key><string>uart_api.c</string><key>path</key><string>../../SDK/lib/api/uart_api.c</string><key>sourceTree</key><string>SOURCE_ROOT</string></dict><key>000000000000000000000079</key><dict><key>isa</key><string>PBXFileReference</string><key>name</key><string>uart_interface.c</string><key>path</key><string>../../SDK/platform/stm32f0/interface/uart_interface.c</string><key>sourceTree</key><string>SOURCE_ROOT</string></dict><key>00000000000000000000007a</key><dict><key>isa</key><string>PBXFileReference</string><key>name</key><string>usb_interface.c</string><key>path</key><string>../../SDK/platform/stm32f0/interface/usb_interface.c</string><key>sourceTree</key><string>SOURCE_ROOT</string></dict><key>00000000000000000000007b</key><dict><key>isa</key><string>PBXFileReference</string><key>name</key><string>usb_msc_host_api.c</string><key>path</key><string>../../SDK/lib/api/usb_msc_host_api.c</string><key>sourceTree</key><string>SOURCE_ROOT</string></dict><key>00000000000000000000007c</key><dict><key>isa</key><string>PBXFileReference</string><key>name</key><string>window.c</string><key>path</key><string>../../SDK/lib/lib/gfx/window.c</string><key>sourceTree</key><string>SOURCE_ROOT</string></dict><key>00000000000000000000007d</key><dict><key>children</key><array><string>000000000000000000000000</string><string>000000000000000000000001</string><string>000000000000000000000002</string><string>000000000000000000000003</string><string>000000000000000000000004</string><string>000000000000000000000005</string><string>000000000000000000000006</string><string>000000000000000000000007</string><string>000000000000000000000008</string><string>000000000000000000000009</string><string>00000000000000000000000a</string><string>00000000000000000000000b</string><string>00000000000000000000000c</string><string>00000000000000000000000d</string><string>00000000000000000000000e</string><string>00000000000000000000000f</string><string>000000000000000000000010</string><string>000000000000000000000011</string><string>000000000000000000000012</string><string>000000000000000000000013</string><string>000000000000000000000014</string><string>000000000000000000000015</string><string>000000000000000000000016</string><string>000000000000000000000017</string><string>000000000000000000000018</string><string>000000000000000000000019</string><string>00000000000000000000001a</string><string>00000000000000000000001b</string><string>00000000000000000000001c</string><string>00000000000000000000001d</string><string>00000000000000000000001e</string><string>00000000000000000000001f</string><string>000000000000000000000020</string><string>000000000000000000000021</string><string>000000000000000000000022</string><string>000000000000000000000023</string><string>000000000000000000000024</string><string>000000000000000000000025</string><string>000000000000000000000026</string><string>000000000000000000000027</string><string>000000000000000000000028</string><string>000000000000000000000029</string><string>00000000000000000000002a</string><string>00000000000000000000002b</string><string>00000000000000000000002c</string><string>00000000000000000000002d</string><string>00000000000000000000002e</string><string>00000000000000000000002f</string><string>000000000000000000000030</string><string>000000000000000000000031</string><string>000000000000000000000032</string><string>000000000000000000000033</string><string>000000000000000000000034</string><string>000000000000000000000035</string><string>000000000000000000000036</string><string>000000000000000000000037</string><string>000000000000000000000038</string><string>000000000000000000000039</string><string>00000000000000000000003a</string><string>00000000000000000000003b</string><string>00000000000000000000003c</string><string>00000000000000000000003d</string><string>00000000000000000000003e</string><string>00000000000000000000003f</string><string>000000000000000000000040</string><string>000000000000000000000041</string><string>000000000000000000000042</string><string>000000000000000000000043</string><string>000000000000000000000044</string><string>000000000000000000000045</string><string>000000000000000000000046</string><string>000000000000000000000047</string><string>000000000000000000000048</string><string>000000000000000000000049</string><string>00000000000000000000004a</string><string>00000000000000000000004b</string><string>00000000000000000000004c</string><string>00000000000000000000004d</string><string>00000000000000000000004e</string><string>00000000000000000000004f</string><string>000000000000000000000050</string><string>000000000000000000000051</string><string>000000000000000000000052</string><string>000000000000000000000053</string><string>000000000000000000000054</string><string>000000000000000000000055</string><string>000000000000000000000056</string><string>000000000000000000000057</string><string>000000000000000000000058</string><string>000000000000000000000059</string><string>00000000000000000000005a</string><string>00000000000000000000005b</string><string>00000000000000000000005c</string><string>00000000000000000000005d</string><string>00000000000000000000005e</string><string>00000000000000000000005f</string><string>000000000000000000000060</string><string>000000000000000000000061</string><string>000000000000000000000062</string><string>000000000000000000000063</string><string>000000000000000000000064</string><string>000000000000000000000065</string><string>000000000000000000000066</string><string>000000000000000000000067</string><string>000000000000000000000068</string><string>000000000000000000000069</string><string>00000000000000000000006a</string><string>00000000000000000000006b</string><string>00000000000000000000006c</string><string>00000000000000000000006d</string><string>00000000000000000000006e</string><string>00000000000000000000006f</string><string>000000000000000000000070</string><string>000000000000000000000071</string><string>000000000000000000000072</string><string>000000000000000000000073</string><string>000000000000000000000074</string><string>000000000000000000000075</string><string>000000000000000000000076</string><string>000000000000000000000077</string><string>000000000000000000000078</string><string>000000000000000000000079</string><string>00000000000000000000007a</string><string>00000000000000000000007b</string><string>00000000000000000000007c</string></array><key>isa</key><string>PBXGroup</string><key>name</key><string>Source</string><key>sourceTree</key><string>&lt;source&gt;</string></dict><key>00000000000000000000007e</key><dict><key>explicitFileType</key><string>compiled.mach-o.executable</string><key>includeInIndex</key><string>0</string><key>isa</key><string>PBXFileReference</string><key>name</key><string>SDK_Probe_STM32F0.elf</string><key>path</key><string>SDK_Probe_STM32F0.elf</string><key>sourceTree</key><string>BUILD_PRODUCTS_DIR</string></dict><key>00000000000000000000007f</key><dict><key>children</key><array><string>00000000000000000000007e</string></array><key>isa</key><string>PBXGroup</string><key>name</key><string>Products</string><key>sourceTree</key><string>&lt;source&gt;</string></dict><key>000000000000000000000080</key><dict><key>children</key><array/><key>isa</key><string>PBXGroup</string><key>name</key><string>Documentation</string><key>sourceTree</key><string>&lt;source&gt;</string></dict><key>000000000000000000000081</key><dict><key>children</key><array><string>00000000000000000000007d</string><string>000000000000000000000080</string><string>00000000000000000000007f</string></array><key>isa</key><string>PBXGroup</string><key>name</key><string>SDK_Probe_STM32F0.elf</string><key>sourceTree</key><string>&lt;source&gt;</string></dict><key>000000000000000000000082</key><dict><key>buildSettings</key><dict><key>GCC_PREPROCESSOR_DEFINITIONS</key><array><string>STM32F103RB</string><string>STM32F10X_MD</string><string>$(inherited)</string></array><key>GCC_WARN_ABOUT_RETURN_TYPE</key><string>YES</string><key>GCC_WARN_UNUSED_VARIABLE</key><string>YES</string><key>HEADER_SEARCH_PATHS</key><array><string>../../SDK/platform/stm32f0/driver</string><string>..</string><string>../../SDK</string><string>../../SDK/lib/device</string><string>../../SDK/board</string><string>../../SDK/lib/lib/gfx/jpg/IJG</string><string>../../SDK/lib/lib/buffers</string><string>../../SDK/platform/stm32f0/sys/Include</string><string>../../SDK/platform/stm32f0</string><string>../../SDK/platform</string><string>../../SDK/lib/api</string><string>../../SDK/lib/lib/gfx</string><string>../../SDK/board/stm32f0/discovery_simple</string><string>../../SDK/lib/protocols</string><string>../../SDK/board/stm32f0</string><string>../../SDK/lib/lib/gfx/mpeg4</string><string>../../SDK/lib/lib/gfx/bmp</string><string>../../SDK/lib/lib/gfx/png</string><string>../../SDK/lib/lib/gfx/jpg</string><string>../../SDK/lib/lib/gfx/files</string><string>../../SDK/platform/stm32f0/include</string><string>../../SDK/platform/stm32f0/interface</string><string>../../SDK/lib/lib/fs</string><string>../../SDK/platform/stm32f0/sys</string><string>../../SDK/lib/lib</string><string>../../SDK/lib</string><string>../../SDK/lib/lib/gfx/resource</string><string>${inherited)</string></array><key>LIBRARY_SEARCH_PATHS</key><array/><key>OTHER_LDFLAGS</key><array/><key>PREBINDING</key><string>NO</string><key>SDKROOT</key><string>/Developer/SDKs/MacOSX10.4u.sdk</string></dict><key>isa</key><string>XCBuildConfiguration</string><key>name</key><string>Debug</string></dict><key>000000000000000000000083</key><dict><key>buildSettings</key><dict><key>GCC_PREPROCESSOR_DEFINITIONS</key><array><string>STM32F103RB</string><string>STM32F10X_MD</string><string>$(inherited)</string></array><key>GCC_WARN_ABOUT_RETURN_TYPE</key><string>YES</string><key>GCC_WARN_UNUSED_VARIABLE</key><string>YES</string><key>HEADER_SEARCH_PATHS</key><array><string>../../SDK/platform/stm32f0/driver</string><string>..</string><string>../../SDK</string><string>../../SDK/lib/device</string><string>../../SDK/board</string><string>../../SDK/lib/lib/gfx/jpg/IJG</string><string>../../SDK/lib/lib/buffers</string><string>../../SDK/platform/stm32f0/sys/Include</string><string>../../SDK/platform/stm32f0</string><string>../../SDK/platform</string><string>../../SDK/lib/api</string><string>../../SDK/lib/lib/gfx</string><string>../../SDK/board/stm32f0/discovery_simple</string><string>../../SDK/lib/protocols</string><string>../../SDK/board/stm32f0</string><string>../../SDK/lib/lib/gfx/mpeg4</string><string>../../SDK/lib/lib/gfx/bmp</string><string>../../SDK/lib/lib/gfx/png</string><string>../../SDK/lib/lib/gfx/jpg</string><string>../../SDK/lib/lib/gfx/files</string><string>../../SDK/platform/stm32f0/include</string><string>../../SDK/platform/stm32f0/interface</string><string>../../SDK/lib/lib/fs</string><string>../../SDK/platform/stm32f0/sys</string><string>../../SDK/lib/lib</string><string>../../SDK/lib</string><string>../../SDK/lib/lib/gfx/resource</string><string>${inherited)</string></array><key>LIBRARY_SEARCH_PATHS</key><array/><key>OTHER_LDFLAGS</key><array/><key>PREBINDING</key><string>NO</string><key>SDKROOT</key><string>/Developer/SDKs/MacOSX10.4u.sdk</string></dict><key>isa</key><string>XCBuildConfiguration</string><key>name</key><string>Release</string></dict><key>000000000000000000000084</key><dict><key>buildConfigurations</key><array><string>000000000000000000000082</string><string>000000000000000000000083</string></array><key>defaultConfigurationIsVisible</key><string>0</string><key>defaultConfigurationName</key><string>Debug</string><key>isa</key><string>XCConfigurationList</string></dict><key>000000000000000000000085</key><dict><key>buildConfigurationList</key><string>000000000000000000000084</string><key>hasScannedForEncodings</key><string>0</string><key>isa</key><string>PBXProject</string><key>mainGroup</key><string>000000000000000000000081</string><key>projectDirPath</key><string/><key>projectRoot</key><string>../../../../CooCox/CoIDE/configuration/ProgramData/SDK_Probe_STM32F0</string><key>targets</key><array><string>000000000000000000000109</string></array></dict><key>000000000000000000000086</key><dict><key>buildSettings</key><dict><key>COPY_PHASE_STRIP</key><string>NO</string><key>GCC_DYNAMIC_NO_PIC</key><string>NO</string><key>GCC_ENABLE_FIX_AND_CONTINUE</key><string>YES</string><key>GCC_MODEL_TUNING</key><string>G5</string><key>GCC_OPTIMIZATION_LEVEL</key><string>0</string><key>INSTALL_PATH</key><string>$(HOME)/bin</string><key>PRODUCT_NAME</key><string>SDK_Probe_STM32F0.elf</string><key>ZERO_LINK</key><string>YES</string></dict><key>isa</key><string>XCBuildConfiguration</string><key>name</key><string>Debug</string></dict><key>000000000000000000000087</key><dict><key>buildSettings</key><dict><key>ARCHS</key><array><string>ppc</string><string>i386</string></array><key>GCC_GENERATE_DEBUGGING_SYMBOLS</key><string>NO</string><key>GCC_MODEL_TUNING</key><string>G5</string><key>INSTALL_PATH</key><string>$(HOME)/bin</string><key>PRODUCT_NAME</key><string>SDK_Probe_STM32F0.elf</string></dict><key>isa</key><string>XCBuildConfiguration</string><key>name</key><string>Release</string></dict><key>000000000000000000000088</key><dict><key>buildConfigurations</key><array><string>000000000000000000000086</string><string>000000000000000000000087</string></array><key>isa</key><string>XCConfigurationList</string></dict><key>000000000000000000000089</key><dict><key>fileRef</key><string>000000000000000000000000</string><key>isa</key><string>PBXBuildFile</string><key>settings</key><dict><key>ATTRIBUTES</key><array/></dict></dict><key>00000000000000000000008a</key><dict><key>fileRef</key><string>000000000000000000000001</string><key>isa</key><string>PBXBuildFile</string><key>settings</key><dict><key>ATTRIBUTES</key><array/></dict></dict><key>00000000000000000000008b</key><dict><key>fileRef</key><string>000000000000000000000002</string><key>isa</key><string>PBXBuildFile</string><key>settings</key><dict><key>ATTRIBUTES</key><array/></dict></dict><key>00000000000000000000008c</key><dict><key>fileRef</key><string>000000000000000000000003</string><key>isa</key><string>PBXBuildFile</string><key>settings</key><dict><key>ATTRIBUTES</key><array/></dict></dict><key>00000000000000000000008d</key><dict><key>fileRef</key><string>000000000000000000000004</string><key>isa</key><string>PBXBuildFile</string><key>settings</key><dict><key>ATTRIBUTES</key><array/></dict></dict><key>00000000000000000000008e</key><dict><key>fileRef</key><string>000000000000000000000005</string><key>isa</key><string>PBXBuildFile</string><key>settings</key><dict><key>ATTRIBUTES</key><array/></dict></dict><key>00000000000000000000008f</key><dict><key>fileRef</key><string>000000000000000000000006</string><key>isa</key><string>PBXBuildFile</string><key>settings</key><dict><key>ATTRIBUTES</key><array/></dict></dict><key>000000000000000000000090</key><dict><key>fileRef</key><string>000000000000000000000007</string><key>isa</key><string>PBXBuildFile</string><key>settings</key><dict><key>ATTRIBUTES</key><array/></dict></dict><key>000000000000000000000091</key><dict><key>fileRef</key><string>000000000000000000000008</string><key>isa</key><string>PBXBuildFile</string><key>settings</key><dict><key>ATTRIBUTES</key><array/></dict></dict><key>000000000000000000000092</key><dict><key>fileRef</key><string>000000000000000000000009</string><key>isa</key><string>PBXBuildFile</string><key>settings</key><dict><key>ATTRIBUTES</key><array/></dict></dict><key>000000000000000000000093</key><dict><key>fileRef</key><string>00000000000000000000000a</string><key>isa</key><string>PBXBuildFile</string><key>settings</key><dict><key>ATTRIBUTES</key><array/></dict></dict><key>000000000000000000000094</key><dict><key>fileRef</key><string>00000000000000000000000b</string><key>isa</key><string>PBXBuildFile</string><key>settings</key><dict><key>ATTRIBUTES</key><array/></dict></dict><key>000000000000000000000095</key><dict><key>fileRef</key><string>00000000000000000000000c</string><key>isa</key><string>PBXBuildFile</string><key>settings</key><dict><key>ATTRIBUTES</key><array/></dict></dict><key>000000000000000000000096</key><dict><key>fileRef</key><string>00000000000000000000000d</string><key>isa</key><string>PBXBuildFile</string><key>settings</key><dict><key>ATTRIBUTES</key><array/></dict></dict><key>000000000000000000000097</key><dict><key>fileRef</key><string>00000000000000000000000e</string><key>isa</key><string>PBXBuildFile</string><key>settings</key><dict><key>ATTRIBUTES</key><array/></dict></dict><key>000000000000000000000098</key><dict><key>fileRef</key><string>00000000000000000000000f</string><key>isa</key><string>PBXBuildFile</string><key>settings</key><dict><key>ATTRIBUTES</key><array/></dict></dict><key>000000000000000000000099</key><dict><key>fileRef</key><string>000000000000000000000010</string><key>isa</key><string>PBXBuildFile</string><key>settings</key><dict><key>ATTRIBUTES</key><array/></dict></dict><key>00000000000000000000009a</key><dict><key>fileRef</key><string>000000000000000000000011</string><key>isa</key><string>PBXBuildFile</string><key>settings</key><dict><key>ATTRIBUTES</key><array/></dict></dict><key>00000000000000000000009b</key><dict><key>fileRef</key><string>000000000000000000000012</string><key>isa</key><string>PBXBuildFile</string><key>settings</key><dict><key>ATTRIBUTES</key><array/></dict></dict><key>00000000000000000000009c</key><dict><key>fileRef</key><string>000000000000000000000013</string><key>isa</key><string>PBXBuildFile</string><key>settings</key><dict><key>ATTRIBUTES</key><array/></dict></dict><key>00000000000000000000009d</key><dict><key>fileRef</key><string>000000000000000000000014</string><key>isa</key><string>PBXBuildFile</string><key>settings</key><dict><key>ATTRIBUTES</key><array/></dict></dict><key>00000000000000000000009e</key><dict><key>fileRef</key><string>000000000000000000000015</string><key>isa</key><string>PBXBuildFile</string><key>settings</key><dict><key>ATTRIBUTES</key><array/></dict></dict><key>00000000000000000000009f</key><dict><key>fileRef</key><string>000000000000000000000016</string><key>isa</key><string>PBXBuildFile</string><key>settings</key><dict><key>ATTRIBUTES</key><array/></dict></dict><key>0000000000000000000000a0</key><dict><key>fileRef</key><string>000000000000000000000017</string><key>isa</key><string>PBXBuildFile</string><key>settings</key><dict><key>ATTRIBUTES</key><array/></dict></dict><key>0000000000000000000000a1</key><dict><key>fileRef</key><string>000000000000000000000018</string><key>isa</key><string>PBXBuildFile</string><key>settings</key><dict><key>ATTRIBUTES</key><array/></dict></dict><key>0000000000000000000000a2</key><dict><key>fileRef</key><string>000000000000000000000019</string><key>isa</key><string>PBXBuildFile</string><key>settings</key><dict><key>ATTRIBUTES</key><array/></dict></dict><key>0000000000000000000000a3</key><dict><key>fileRef</key><string>00000000000000000000001a</string><key>isa</key><string>PBXBuildFile</string><key>settings</key><dict><key>ATTRIBUTES</key><array/></dict></dict><key>0000000000000000000000a4</key><dict><key>fileRef</key><string>00000000000000000000001b</string><key>isa</key><string>PBXBuildFile</string><key>settings</key><dict><key>ATTRIBUTES</key><array/></dict></dict><key>0000000000000000000000a5</key><dict><key>fileRef</key><string>00000000000000000000001c</string><key>isa</key><string>PBXBuildFile</string><key>settings</key><dict><key>ATTRIBUTES</key><array/></dict></dict><key>0000000000000000000000a6</key><dict><key>fileRef</key><string>00000000000000000000001d</string><key>isa</key><string>PBXBuildFile</string><key>settings</key><dict><key>ATTRIBUTES</key><array/></dict></dict><key>0000000000000000000000a7</key><dict><key>fileRef</key><string>00000000000000000000001e</string><key>isa</key><string>PBXBuildFile</string><key>settings</key><dict><key>ATTRIBUTES</key><array/></dict></dict><key>0000000000000000000000a8</key><dict><key>fileRef</key><string>00000000000000000000001f</string><key>isa</key><string>PBXBuildFile</string><key>settings</key><dict><key>ATTRIBUTES</key><array/></dict></dict><key>0000000000000000000000a9</key><dict><key>fileRef</key><string>000000000000000000000020</string><key>isa</key><string>PBXBuildFile</string><key>settings</key><dict><key>ATTRIBUTES</key><array/></dict></dict><key>0000000000000000000000aa</key><dict><key>fileRef</key><string>000000000000000000000021</string><key>isa</key><string>PBXBuildFile</string><key>settings</key><dict><key>ATTRIBUTES</key><array/></dict></dict><key>0000000000000000000000ab</key><dict><key>fileRef</key><string>000000000000000000000022</string><key>isa</key><string>PBXBuildFile</string><key>settings</key><dict><key>ATTRIBUTES</key><array/></dict></dict><key>0000000000000000000000ac</key><dict><key>fileRef</key><string>000000000000000000000023</string><key>isa</key><string>PBXBuildFile</string><key>settings</key><dict><key>ATTRIBUTES</key><array/></dict></dict><key>0000000000000000000000ad</key><dict><key>fileRef</key><string>000000000000000000000024</string><key>isa</key><string>PBXBuildFile</string><key>settings</key><dict><key>ATTRIBUTES</key><array/></dict></dict><key>0000000000000000000000ae</key><dict><key>fileRef</key><string>000000000000000000000025</string><key>isa</key><string>PBXBuildFile</string><key>settings</key><dict><key>ATTRIBUTES</key><array/></dict></dict><key>0000000000000000000000af</key><dict><key>fileRef</key><string>000000000000000000000026</string><key>isa</key><string>PBXBuildFile</string><key>settings</key><dict><key>ATTRIBUTES</key><array/></dict></dict><key>0000000000000000000000b0</key><dict><key>fileRef</key><string>000000000000000000000027</string><key>isa</key><string>PBXBuildFile</string><key>settings</key><dict><key>ATTRIBUTES</key><array/></dict></dict><key>0000000000000000000000b1</key><dict><key>fileRef</key><string>000000000000000000000028</string><key>isa</key><string>PBXBuildFile</string><key>settings</key><dict><key>ATTRIBUTES</key><array/></dict></dict><key>0000000000000000000000b2</key><dict><key>fileRef</key><string>000000000000000000000029</string><key>isa</key><string>PBXBuildFile</string><key>settings</key><dict><key>ATTRIBUTES</key><array/></dict></dict><key>0000000000000000000000b3</key><dict><key>fileRef</key><string>00000000000000000000002a</string><key>isa</key><string>PBXBuildFile</string><key>settings</key><dict><key>ATTRIBUTES</key><array/></dict></dict><key>0000000000000000000000b4</key><dict><key>fileRef</key><string>00000000000000000000002b</string><key>isa</key><string>PBXBuildFile</string><key>settings</key><dict><key>ATTRIBUTES</key><array/></dict></dict><key>0000000000000000000000b5</key><dict><key>fileRef</key><string>00000000000000000000002c</string><key>isa</key><string>PBXBuildFile</string><key>settings</key><dict><key>ATTRIBUTES</key><array/></dict></dict><key>0000000000000000000000b6</key><dict><key>fileRef</key><string>00000000000000000000002d</string><key>isa</key><string>PBXBuildFile</string><key>settings</key><dict><key>ATTRIBUTES</key><array/></dict></dict><key>0000000000000000000000b7</key><dict><key>fileRef</key><string>00000000000000000000002e</string><key>isa</key><string>PBXBuildFile</string><key>settings</key><dict><key>ATTRIBUTES</key><array/></dict></dict><key>0000000000000000000000b8</key><dict><key>fileRef</key><string>00000000000000000000002f</string><key>isa</key><string>PBXBuildFile</string><key>settings</key><dict><key>ATTRIBUTES</key><array/></dict></dict><key>0000000000000000000000b9</key><dict><key>fileRef</key><string>000000000000000000000030</string><key>isa</key><string>PBXBuildFile</string><key>settings</key><dict><key>ATTRIBUTES</key><array/></dict></dict><key>0000000000000000000000ba</key><dict><key>fileRef</key><string>000000000000000000000031</string><key>isa</key><string>PBXBuildFile</string><key>settings</key><dict><key>ATTRIBUTES</key><array/></dict></dict><key>0000000000000000000000bb</key><dict><key>fileRef</key><string>000000000000000000000032</string><key>isa</key><string>PBXBuildFile</string><key>settings</key><dict><key>ATTRIBUTES</key><array/></dict></dict><key>0000000000000000000000bc</key><dict><key>fileRef</key><string>000000000000000000000033</string><key>isa</key><string>PBXBuildFile</string><key>settings</key><dict><key>ATTRIBUTES</key><array/></dict></dict><key>0000000000000000000000bd</key><dict><key>fileRef</key><string>000000000000000000000034</string><key>isa</key><string>PBXBuildFile</string><key>settings</key><dict><key>ATTRIBUTES</key><array/></dict></dict><key>0000000000000000000000be</key><dict><key>fileRef</key><string>000000000000000000000035</string><key>isa</key><string>PBXBuildFile</string><key>settings</key><dict><key>ATTRIBUTES</key><array/></dict></dict><key>0000000000000000000000bf</key><dict><key>fileRef</key><string>000000000000000000000036</string><key>isa</key><string>PBXBuildFile</string><key>settings</key><dict><key>ATTRIBUTES</key><array/></dict></dict><key>0000000000000000000000c0</key><dict><key>fileRef</key><string>000000000000000000000037</string><key>isa</key><string>PBXBuildFile</string><key>settings</key><dict><key>ATTRIBUTES</key><array/></dict></dict><key>0000000000000000000000c1</key><dict><key>fileRef</key><string>000000000000000000000038</string><key>isa</key><string>PBXBuildFile</string><key>settings</key><dict><key>ATTRIBUTES</key><array/></dict></dict><key>0000000000000000000000c2</key><dict><key>fileRef</key><string>000000000000000000000039</string><key>isa</key><string>PBXBuildFile</string><key>settings</key><dict><key>ATTRIBUTES</key><array/></dict></dict><key>0000000000000000000000c3</key><dict><key>fileRef</key><string>00000000000000000000003a</string><key>isa</key><string>PBXBuildFile</string><key>settings</key><dict><key>ATTRIBUTES</key><array/></dict></dict><key>0000000000000000000000c4</key><dict><key>fileRef</key><string>00000000000000000000003b</string><key>isa</key><string>PBXBuildFile</string><key>settings</key><dict><key>ATTRIBUTES</key><array/></dict></dict><key>0000000000000000000000c5</key><dict><key>fileRef</key><string>00000000000000000000003c</string><key>isa</key><string>PBXBuildFile</string><key>settings</key><dict><key>ATTRIBUTES</key><array/></dict></dict><key>0000000000000000000000c6</key><dict><key>fileRef</key><string>00000000000000000000003d</string><key>isa</key><string>PBXBuildFile</string><key>settings</key><dict><key>ATTRIBUTES</key><array/></dict></dict><key>0000000000000000000000c7</key><dict><key>fileRef</key><string>00000000000000000000003e</string><key>isa</key><string>PBXBuildFile</string><key>settings</key><dict><key>ATTRIBUTES</key><array/></dict></dict><key>0000000000000000000000c8</key><dict><key>fileRef</key><string>00000000000000000000003f</string><key>isa</key><string>PBXBuildFile</string><key>settings</key><dict><key>ATTRIBUTES</key><array/></dict></dict><key>0000000000000000000000c9</key><dict><key>fileRef</key><string>000000000000000000000040</string><key>isa</key><string>PBXBuildFile</string><key>settings</key><dict><key>ATTRIBUTES</key><array/></dict></dict><key>0000000000000000000000ca</key><dict><key>fileRef</key><string>000000000000000000000041</string><key>isa</key><string>PBXBuildFile</string><key>settings</key><dict><key>ATTRIBUTES</key><array/></dict></dict><key>0000000000000000000000cb</key><dict><key>fileRef</key><string>000000000000000000000042</string><key>isa</key><string>PBXBuildFile</string><key>settings</key><dict><key>ATTRIBUTES</key><array/></dict></dict><key>0000000000000000000000cc</key><dict><key>fileRef</key><string>000000000000000000000043</string><key>isa</key><string>PBXBuildFile</string><key>settings</key><dict><key>ATTRIBUTES</key><array/></dict></dict><key>0000000000000000000000cd</key><dict><key>fileRef</key><string>000000000000000000000044</string><key>isa</key><string>PBXBuildFile</string><key>settings</key><dict><key>ATTRIBUTES</key><array/></dict></dict><key>0000000000000000000000ce</key><dict><key>fileRef</key><string>000000000000000000000045</string><key>isa</key><string>PBXBuildFile</string><key>settings</key><dict><key>ATTRIBUTES</key><array/></dict></dict><key>0000000000000000000000cf</key><dict><key>fileRef</key><string>000000000000000000000046</string><key>isa</key><string>PBXBuildFile</string><key>settings</key><dict><key>ATTRIBUTES</key><array/></dict></dict><key>0000000000000000000000d0</key><dict><key>fileRef</key><string>000000000000000000000047</string><key>isa</key><string>PBXBuildFile</string><key>settings</key><dict><key>ATTRIBUTES</key><array/></dict></dict><key>0000000000000000000000d1</key><dict><key>fileRef</key><string>000000000000000000000048</string><key>isa</key><string>PBXBuildFile</string><key>settings</key><dict><key>ATTRIBUTES</key><array/></dict></dict><key>0000000000000000000000d2</key><dict><key>fileRef</key><string>000000000000000000000049</string><key>isa</key><string>PBXBuildFile</string><key>settings</key><dict><key>ATTRIBUTES</key><array/></dict></dict><key>0000000000000000000000d3</key><dict><key>fileRef</key><string>00000000000000000000004a</string><key>isa</key><string>PBXBuildFile</string><key>settings</key><dict><key>ATTRIBUTES</key><array/></dict></dict><key>0000000000000000000000d4</key><dict><key>fileRef</key><string>00000000000000000000004b</string><key>isa</key><string>PBXBuildFile</string><key>settings</key><dict><key>ATTRIBUTES</key><array/></dict></dict><key>0000000000000000000000d5</key><dict><key>fileRef</key><string>00000000000000000000004c</string><key>isa</key><string>PBXBuildFile</string><key>settings</key><dict><key>ATTRIBUTES</key><array/></dict></dict><key>0000000000000000000000d6</key><dict><key>fileRef</key><string>00000000000000000000004d</string><key>isa</key><string>PBXBuildFile</string><key>settings</key><dict><key>ATTRIBUTES</key><array/></dict></dict><key>0000000000000000000000d7</key><dict><key>fileRef</key><string>00000000000000000000004e</string><key>isa</key><string>PBXBuildFile</string><key>settings</key><dict><key>ATTRIBUTES</key><array/></dict></dict><key>0000000000000000000000d8</key><dict><key>fileRef</key><string>00000000000000000000004f</string><key>isa</key><string>PBXBuildFile</string><key>settings</key><dict><key>ATTRIBUTES</key><array/></dict></dict><key>0000000000000000000000d9</key><dict><key>fileRef</key><string>000000000000000000000050</string><key>isa</key><string>PBXBuildFile</string><key>settings</key><dict><key>ATTRIBUTES</key><array/></dict></dict><key>0000000000000000000000da</key><dict><key>fileRef</key><string>000000000000000000000051</string><key>isa</key><string>PBXBuildFile</string><key>settings</key><dict><key>ATTRIBUTES</key><array/></dict></dict><key>0000000000000000000000db</key><dict><key>fileRef</key><string>000000000000000000000052</string><key>isa</key><string>PBXBuildFile</string><key>settings</key><dict><key>ATTRIBUTES</key><array/></dict></dict><key>0000000000000000000000dc</key><dict><key>fileRef</key><string>000000000000000000000053</string><key>isa</key><string>PBXBuildFile</string><key>settings</key><dict><key>ATTRIBUTES</key><array/></dict></dict><key>0000000000000000000000dd</key><dict><key>fileRef</key><string>000000000000000000000054</string><key>isa</key><string>PBXBuildFile</string><key>settings</key><dict><key>ATTRIBUTES</key><array/></dict></dict><key>0000000000000000000000de</key><dict><key>fileRef</key><string>000000000000000000000055</string><key>isa</key><string>PBXBuildFile</string><key>settings</key><dict><key>ATTRIBUTES</key><array/></dict></dict><key>0000000000000000000000df</key><dict><key>fileRef</key><string>000000000000000000000056</string><key>isa</key><string>PBXBuildFile</string><key>settings</key><dict><key>ATTRIBUTES</key><array/></dict></dict><key>0000000000000000000000e0</key><dict><key>fileRef</key><string>000000000000000000000057</string><key>isa</key><string>PBXBuildFile</string><key>settings</key><dict><key>ATTRIBUTES</key><array/></dict></dict><key>0000000000000000000000e1</key><dict><key>fileRef</key><string>000000000000000000000058</string><key>isa</key><string>PBXBuildFile</string><key>settings</key><dict><key>ATTRIBUTES</key><array/></dict></dict><key>0000000000000000000000e2</key><dict><key>fileRef</key><string>000000000000000000000059</string><key>isa</key><string>PBXBuildFile</string><key>settings</key><dict><key>ATTRIBUTES</key><array/></dict></dict><key>0000000000000000000000e3</key><dict><key>fileRef</key><string>00000000000000000000005a</string><key>isa</key><string>PBXBuildFile</string><key>settings</key><dict><key>ATTRIBUTES</key><array/></dict></dict><key>0000000000000000000000e4</key><dict><key>fileRef</key><string>00000000000000000000005b</string><key>isa</key><string>PBXBuildFile</string><key>settings</key><dict><key>ATTRIBUTES</key><array/></dict></dict><key>0000000000000000000000e5</key><dict><key>fileRef</key><string>00000000000000000000005c</string><key>isa</key><string>PBXBuildFile</string><key>settings</key><dict><key>ATTRIBUTES</key><array/></dict></dict><key>0000000000000000000000e6</key><dict><key>fileRef</key><string>00000000000000000000005d</string><key>isa</key><string>PBXBuildFile</string><key>settings</key><dict><key>ATTRIBUTES</key><array/></dict></dict><key>0000000000000000000000e7</key><dict><key>fileRef</key><string>00000000000000000000005e</string><key>isa</key><string>PBXBuildFile</string><key>settings</key><dict><key>ATTRIBUTES</key><array/></dict></dict><key>0000000000000000000000e8</key><dict><key>fileRef</key><string>00000000000000000000005f</string><key>isa</key><string>PBXBuildFile</string><key>settings</key><dict><key>ATTRIBUTES</key><array/></dict></dict><key>0000000000000000000000e9</key><dict><key>fileRef</key><string>000000000000000000000060</string><key>isa</key><string>PBXBuildFile</string><key>settings</key><dict><key>ATTRIBUTES</key><array/></dict></dict><key>0000000000000000000000ea</key><dict><key>fileRef</key><string>000000000000000000000061</string><key>isa</key><string>PBXBuildFile</string><key>settings</key><dict><key>ATTRIBUTES</key><array/></dict></dict><key>0000000000000000000000eb</key><dict><key>fileRef</key><string>000000000000000000000062</string><key>isa</key><string>PBXBuildFile</string><key>settings</key><dict><key>ATTRIBUTES</key><array/></dict></dict><key>0000000000000000000000ec</key><dict><key>fileRef</key><string>000000000000000000000063</string><key>isa</key><string>PBXBuildFile</string><key>settings</key><dict><key>ATTRIBUTES</key><array/></dict></dict><key>0000000000000000000000ed</key><dict><key>fileRef</key><string>000000000000000000000064</string><key>isa</key><string>PBXBuildFile</string><key>settings</key><dict><key>ATTRIBUTES</key><array/></dict></dict><key>0000000000000000000000ee</key><dict><key>fileRef</key><string>000000000000000000000065</string><key>isa</key><string>PBXBuildFile</string><key>settings</key><dict><key>ATTRIBUTES</key><array/></dict></dict><key>0000000000000000000000ef</key><dict><key>fileRef</key><string>000000000000000000000066</string><key>isa</key><string>PBXBuildFile</string><key>settings</key><dict><key>ATTRIBUTES</key><array/></dict></dict><key>0000000000000000000000f0</key><dict><key>fileRef</key><string>000000000000000000000067</string><key>isa</key><string>PBXBuildFile</string><key>settings</key><dict><key>ATTRIBUTES</key><array/></dict></dict><key>0000000000000000000000f1</key><dict><key>fileRef</key><string>000000000000000000000068</string><key>isa</key><string>PBXBuildFile</string><key>settings</key><dict><key>ATTRIBUTES</key><array/></dict></dict><key>0000000000000000000000f2</key><dict><key>fileRef</key><string>000000000000000000000069</string><key>isa</key><string>PBXBuildFile</string><key>settings</key><dict><key>ATTRIBUTES</key><array/></dict></dict><key>0000000000000000000000f3</key><dict><key>fileRef</key><string>00000000000000000000006a</string><key>isa</key><string>PBXBuildFile</string><key>settings</key><dict><key>ATTRIBUTES</key><array/></dict></dict><key>0000000000000000000000f4</key><dict><key>fileRef</key><string>00000000000000000000006b</string><key>isa</key><string>PBXBuildFile</string><key>settings</key><dict><key>ATTRIBUTES</key><array/></dict></dict><key>0000000000000000000000f5</key><dict><key>fileRef</key><string>00000000000000000000006c</string><key>isa</key><string>PBXBuildFile</string><key>settings</key><dict><key>ATTRIBUTES</key><array/></dict></dict><key>0000000000000000000000f6</key><dict><key>fileRef</key><string>00000000000000000000006d</string><key>isa</key><string>PBXBuildFile</string><key>settings</key><dict><key>ATTRIBUTES</key><array/></dict></dict><key>0000000000000000000000f7</key><dict><key>fileRef</key><string>00000000000000000000006e</string><key>isa</key><string>PBXBuildFile</string><key>settings</key><dict><key>ATTRIBUTES</key><array/></dict></dict><key>0000000000000000000000f8</key><dict><key>fileRef</key><string>00000000000000000000006f</string><key>isa</key><string>PBXBuildFile</string><key>settings</key><dict><key>ATTRIBUTES</key><array/></dict></dict><key>0000000000000000000000f9</key><dict><key>fileRef</key><string>000000000000000000000070</string><key>isa</key><string>PBXBuildFile</string><key>settings</key><dict><key>ATTRIBUTES</key><array/></dict></dict><key>0000000000000000000000fa</key><dict><key>fileRef</key><string>000000000000000000000071</string><key>isa</key><string>PBXBuildFile</string><key>settings</key><dict><key>ATTRIBUTES</key><array/></dict></dict><key>0000000000000000000000fb</key><dict><key>fileRef</key><string>000000000000000000000072</string><key>isa</key><string>PBXBuildFile</string><key>settings</key><dict><key>ATTRIBUTES</key><array/></dict></dict><key>0000000000000000000000fc</key><dict><key>fileRef</key><string>000000000000000000000073</string><key>isa</key><string>PBXBuildFile</string><key>settings</key><dict><key>ATTRIBUTES</key><array/></dict></dict><key>0000000000000000000000fd</key><dict><key>fileRef</key><string>000000000000000000000074</string><key>isa</key><string>PBXBuildFile</string><key>settings</key><dict><key>ATTRIBUTES</key><array/></dict></dict><key>0000000000000000000000fe</key><dict><key>fileRef</key><string>000000000000000000000075</string><key>isa</key><string>PBXBuildFile</string><key>settings</key><dict><key>ATTRIBUTES</key><array/></dict></dict><key>0000000000000000000000ff</key><dict><key>fileRef</key><string>000000000000000000000076</string><key>isa</key><string>PBXBuildFile</string><key>settings</key><dict><key>ATTRIBUTES</key><array/></dict></dict><key>000000000000000000000100</key><dict><key>fileRef</key><string>000000000000000000000077</string><key>isa</key><string>PBXBuildFile</string><key>settings</key><dict><key>ATTRIBUTES</key><array/></dict></dict><key>000000000000000000000101</key><dict><key>fileRef</key><string>000000000000000000000078</string><key>isa</key><string>PBXBuildFile</string><key>settings</key><dict><key>ATTRIBUTES</key><array/></dict></dict><key>000000000000000000000102</key><dict><key>fileRef</key><string>000000000000000000000079</string><key>isa</key><string>PBXBuildFile</string><key>settings</key><dict><key>ATTRIBUTES</key><array/></dict></dict><key>000000000000000000000103</key><dict><key>fileRef</key><string>00000000000000000000007a</string><key>isa</key><string>PBXBuildFile</string><key>settings</key><dict><key>ATTRIBUTES</key><array/></dict></dict><key>000000000000000000000104</key><dict><key>fileRef</key><string>00000000000000000000007b</string><key>isa</key><string>PBXBuildFile</string><key>settings</key><dict><key>ATTRIBUTES</key><array/></dict></dict><key>000000000000000000000105</key><dict><key>fileRef</key><string>00000000000000000000007c</string><key>isa</key><string>PBXBuildFile</string><key>settings</key><dict><key>ATTRIBUTES</key><array/></dict></dict><key>000000000000000000000106</key><dict><key>buildActionMask</key><string>2147483647</string><key>files</key><array><string>000000000000000000000089</string><string>00000000000000000000008a</string><string>00000000000000000000008b</string><string>00000000000000000000008c</string><string>00000000000000000000008d</string><string>00000000000000000000008e</string><string>00000000000000000000008f</string><string>000000000000000000000090</string><string>000000000000000000000091</string><string>000000000000000000000092</string><string>000000000000000000000093</string><string>000000000000000000000094</string><string>000000000000000000000095</string><string>000000000000000000000096</string><string>000000000000000000000097</string><string>000000000000000000000098</string><string>000000000000000000000099</string><string>00000000000000000000009a</string><string>00000000000000000000009b</string><string>00000000000000000000009c</string><string>00000000000000000000009d</string><string>00000000000000000000009e</string><string>00000000000000000000009f</string><string>0000000000000000000000a0</string><string>0000000000000000000000a1</string><string>0000000000000000000000a2</string><string>0000000000000000000000a3</string><string>0000000000000000000000a4</string><string>0000000000000000000000a5</string><string>0000000000000000000000a6</string><string>0000000000000000000000a7</string><string>0000000000000000000000a8</string><string>0000000000000000000000a9</string><string>0000000000000000000000aa</string><string>0000000000000000000000ab</string><string>0000000000000000000000ac</string><string>0000000000000000000000ad</string><string>0000000000000000000000ae</string><string>0000000000000000000000af</string><string>0000000000000000000000b0</string><string>0000000000000000000000b1</string><string>0000000000000000000000b2</string><string>0000000000000000000000b3</string><string>0000000000000000000000b4</string><string>0000000000000000000000b5</string><string>0000000000000000000000b6</string><string>0000000000000000000000b7</string><string>0000000000000000000000b8</string><string>0000000000000000000000b9</string><string>0000000000000000000000ba</string><string>0000000000000000000000bb</string><string>0000000000000000000000bc</string><string>0000000000000000000000bd</string><string>0000000000000000000000be</string><string>0000000000000000000000bf</string><string>0000000000000000000000c0</string><string>0000000000000000000000c1</string><string>0000000000000000000000c2</string><string>0000000000000000000000c3</string><string>0000000000000000000000c4</string><string>0000000000000000000000c5</string><string>0000000000000000000000c6</string><string>0000000000000000000000c7</string><string>0000000000000000000000c8</string><string>0000000000000000000000c9</string><string>0000000000000000000000ca</string><string>0000000000000000000000cb</string><string>0000000000000000000000cc</string><string>0000000000000000000000cd</string><string>0000000000000000000000ce</string><string>0000000000000000000000cf</string><string>0000000000000000000000d0</string><string>0000000000000000000000d1</string><string>0000000000000000000000d2</string><string>0000000000000000000000d3</string><string>0000000000000000000000d4</string><string>0000000000000000000000d5</string><string>0000000000000000000000d6</string><string>0000000000000000000000d7</string><string>0000000000000000000000d8</string><string>0000000000000000000000d9</string><string>0000000000000000000000da</string><string>0000000000000000000000db</string><string>0000000000000000000000dc</string><string>0000000000000000000000dd</string><string>0000000000000000000000de</string><string>0000000000000000000000df</string><string>0000000000000000000000e0</string><string>0000000000000000000000e1</string><string>0000000000000000000000e2</string><string>0000000000000000000000e3</string><string>0000000000000000000000e4</string><string>0000000000000000000000e5</string><string>0000000000000000000000e6</string><string>0000000000000000000000e7</string><string>0000000000000000000000e8</string><string>0000000000000000000000e9</string><string>0000000000000000000000ea</string><string>0000000000000000000000eb</string><string>0000000000000000000000ec</string><string>0000000000000000000000ed</string><string>0000000000000000000000ee</string><string>0000000000000000000000ef</string><string>0000000000000000000000f0</string><string>0000000000000000000000f1</string><string>0000000000000000000000f2</string><string>0000000000000000000000f3</string><string>0000000000000000000000f4</string><string>0000000000000000000000f5</string><string>0000000000000000000000f6</string><string>0000000000000000000000f7</string><string>0000000000000000000000f8</string><string>0000000000000000000000f9</string><string>0000000000000000000000fa</string><string>0000000000000000000000fb</string><string>0000000000000000000000fc</string><string>0000000000000000000000fd</string><string>0000000000000000000000fe</string><string>0000000000000000000000ff</string><string>000000000000000000000100</string><string>000000000000000000000101</string><string>000000000000000000000102</string><string>000000000000000000000103</string><string>000000000000000000000104</string><string>000000000000000000000105</string></array><key>isa</key><string>PBXSourcesBuildPhase</string><key>runOnlyForDeploymentPostprocessing</key><string>0</string></dict><key>000000000000000000000107</key><dict><key>buildActionMask</key><string>8</string><key>files</key><array/><key>isa</key><string>PBXFrameworksBuildPhase</string><key>runOnlyForDeploymentPostprocessing</key><string>0</string></dict><key>000000000000000000000108</key><dict><key>buildActionMask</key><string>8</string><key>dstPath</key><string>/usr/share/man/man1</string><key>dstSubfolderSpec</key><string>0</string><key>files</key><array/><key>isa</key><string>PBXCopyFilesBuildPhase</string><key>runOnlyForDeploymentPostprocessing</key><string>1</string></dict><key>000000000000000000000109</key><dict><key>buildConfigurationList</key><string>000000000000000000000088</string><key>buildPhases</key><array><string>000000000000000000000106</string><string>000000000000000000000107</string><string>000000000000000000000108</string></array><key>buildRules</key><array/><key>dependencies</key><array/><key>isa</key><string>PBXNativeTarget</string><key>name</key><string>SDK_Probe_STM32F0.elf</string><key>productInstallPath</key><string>$(HOME)/bin</string><key>productName</key><string>SDK_Probe_STM32F0.elf</string><key>productReference</key><string>00000000000000000000007e</string><key>productType</key><string>com.apple.product-type.tool</string></dict></dict><key>rootObject</key><string>000000000000000000000085</string></dict></plist>